
Microsoft Visual Studio Solution File, Format Version 12.00
# Visual Studio 15
VisualStudioVersion = 15.0.28307.572
MinimumVisualStudioVersion = 10.0.40219.1
Project("{FAE04EC0-301F-11D3-BF4B-00C04F79EFBC}") = "TestSample", "TestSample\TestSample.csproj", "{DB3D5DB1-FA10-4A45-B1EA-A850843842A1}"
EndProject
Project("{FAE04EC0-301F-11D3-BF4B-00C04F79EFBC}") = "DataAccessLayer", "namespace DataAccessLayer\DataAccessLayer.csproj", "{C324A226-A2FA-403E-A0B0-747B9D72D988}"
EndProject
Global
	GlobalSection(SolutionConfigurationPlatforms) = preSolution
		Debug|Any CPU = Debug|Any CPU
		Release|Any CPU = Release|Any CPU
	EndGlobalSection
	GlobalSection(ProjectConfigurationPlatforms) = postSolution
		{DB3D5DB1-FA10-4A45-B1EA-A850843842A1}.Debug|Any CPU.ActiveCfg = Debug|Any CPU
		{DB3D5DB1-FA10-4A45-B1EA-A850843842A1}.Debug|Any CPU.Build.0 = Debug|Any CPU
		{DB3D5DB1-FA10-4A45-B1EA-A850843842A1}.Release|Any CPU.ActiveCfg = Release|Any CPU
		{DB3D5DB1-FA10-4A45-B1EA-A850843842A1}.Release|Any CPU.Build.0 = Release|Any CPU
		{C324A226-A2FA-403E-A0B0-747B9D72D988}.Debug|Any CPU.ActiveCfg = Debug|Any CPU
		{C324A226-A2FA-403E-A0B0-747B9D72D988}.Debug|Any CPU.Build.0 = Debug|Any CPU
		{C324A226-A2FA-403E-A0B0-747B9D72D988}.Release|Any CPU.ActiveCfg = Release|Any CPU
		{C324A226-A2FA-403E-A0B0-747B9D72D988}.Release|Any CPU.Build.0 = Release|Any CPU
	EndGlobalSection
	GlobalSection(SolutionProperties) = preSolution
		HideSolutionNode = FALSE
	EndGlobalSection
	GlobalSection(ExtensibilityGlobals) = postSolution
		SolutionGuid = {FA783384-1D72-4F25-8E2F-844D5B7D73F8}
	EndGlobalSection
EndGlobal
